
Microsoft Visual Studio Solution File, Format Version 12.00
# Visual Studio Version 17
VisualStudioVersion = 17.10.35027.167
MinimumVisualStudioVersion = 10.0.40219.1
Project("{FAE04EC0-301F-11D3-BF4B-00C04F79EFBC}") = "AdventureWorks", "AdventureWorks\AdventureWorks.csproj", "{4C0DD412-A570-498C-BC4B-2DDB3514D56F}"
EndProject
Project("{2150E333-8FDC-42A3-9474-1A3956D46DE8}") = ".github", ".github", "{3D80E889-69DE-456E-942C-C0EDF39ACAF0}"
EndProject
Project("{2150E333-8FDC-42A3-9474-1A3956D46DE8}") = "Workflows", "Workflows", "{D7F8A4D3-C027-43AC-97E0-568B3131F371}"
	ProjectSection(SolutionItems) = preProject
		build.yml = build.yml
	EndProjectSection
EndProject
Global
	GlobalSection(SolutionConfigurationPlatforms) = preSolution
		Debug|Any CPU = Debug|Any CPU
		Release|Any CPU = Release|Any CPU
	EndGlobalSection
	GlobalSection(ProjectConfigurationPlatforms) = postSolution
		{4C0DD412-A570-498C-BC4B-2DDB3514D56F}.Debug|Any CPU.ActiveCfg = Debug|Any CPU
		{4C0DD412-A570-498C-BC4B-2DDB3514D56F}.Debug|Any CPU.Build.0 = Debug|Any CPU
		{4C0DD412-A570-498C-BC4B-2DDB3514D56F}.Release|Any CPU.ActiveCfg = Release|Any CPU
		{4C0DD412-A570-498C-BC4B-2DDB3514D56F}.Release|Any CPU.Build.0 = Release|Any CPU
	EndGlobalSection
	GlobalSection(SolutionProperties) = preSolution
		HideSolutionNode = FALSE
	EndGlobalSection
	GlobalSection(NestedProjects) = preSolution
		{D7F8A4D3-C027-43AC-97E0-568B3131F371} = {3D80E889-69DE-456E-942C-C0EDF39ACAF0}
	EndGlobalSection
	GlobalSection(ExtensibilityGlobals) = postSolution
		SolutionGuid = {3EC27460-902C-4EA0-A5C8-72DD4AA27BEC}
	EndGlobalSection
EndGlobal
